
Microsoft Visual Studio Solution File, Format Version 12.00
# Visual Studio 15
VisualStudioVersion = 15.0.26228.4
MinimumVisualStudioVersion = 10.0.40219.1
Project("{9A19103F-16F7-4668-BE54-9A1E7A4F7556}") = "Morpheus.API", "src\Morpheus.API\Morpheus.API.csproj", "{AE2BF149-2D6B-4266-889E-A1642535D859}"
EndProject
Project("{9A19103F-16F7-4668-BE54-9A1E7A4F7556}") = "Morpheus.Repository", "src\Morpheus.Repository\Morpheus.Repository.csproj", "{6235AF73-11F5-4B06-868D-9C5EFE80AA8B}"
EndProject
Project("{9A19103F-16F7-4668-BE54-9A1E7A4F7556}") = "Morpheus.Domain", "src\Morpheus.Domain\Morpheus.Domain.csproj", "{9AC98199-5367-438F-A3E5-80A566B3AA54}"
EndProject
Project("{9A19103F-16F7-4668-BE54-9A1E7A4F7556}") = "Morpheus.Service", "src\Morpheus.Service\Morpheus.Service.csproj", "{1A36FFB9-4702-4F89-AD0C-A574FC03127B}"
EndProject
Project("{9A19103F-16F7-4668-BE54-9A1E7A4F7556}") = "Morpheus.DB", "src\Morpheus.DB\Morpheus.DB.csproj", "{BFFEEDCF-AF85-413D-A741-A5C1D8799A7E}"
EndProject
Project("{2150E333-8FDC-42A3-9474-1A3956D46DE8}") = "src", "src", "{8FBF688F-505C-4FB4-9136-E99ACC79938C}"
EndProject
Project("{2150E333-8FDC-42A3-9474-1A3956D46DE8}") = "test", "test", "{C53117D5-0A0F-4BEF-9E62-153AD1CA73EC}"
EndProject
Project("{9A19103F-16F7-4668-BE54-9A1E7A4F7556}") = "UnitTest", "test\UnitTest\UnitTest.csproj", "{47328E39-AA9F-4258-A735-654889CB4F58}"
EndProject
Global
	GlobalSection(SolutionConfigurationPlatforms) = preSolution
		Debug|Any CPU = Debug|Any CPU
		Release|Any CPU = Release|Any CPU
	EndGlobalSection
	GlobalSection(ProjectConfigurationPlatforms) = postSolution
		{AE2BF149-2D6B-4266-889E-A1642535D859}.Debug|Any CPU.ActiveCfg = Debug|Any CPU
		{AE2BF149-2D6B-4266-889E-A1642535D859}.Debug|Any CPU.Build.0 = Debug|Any CPU
		{AE2BF149-2D6B-4266-889E-A1642535D859}.Release|Any CPU.ActiveCfg = Release|Any CPU
		{AE2BF149-2D6B-4266-889E-A1642535D859}.Release|Any CPU.Build.0 = Release|Any CPU
		{6235AF73-11F5-4B06-868D-9C5EFE80AA8B}.Debug|Any CPU.ActiveCfg = Debug|Any CPU
		{6235AF73-11F5-4B06-868D-9C5EFE80AA8B}.Debug|Any CPU.Build.0 = Debug|Any CPU
		{6235AF73-11F5-4B06-868D-9C5EFE80AA8B}.Release|Any CPU.ActiveCfg = Release|Any CPU
		{6235AF73-11F5-4B06-868D-9C5EFE80AA8B}.Release|Any CPU.Build.0 = Release|Any CPU
		{9AC98199-5367-438F-A3E5-80A566B3AA54}.Debug|Any CPU.ActiveCfg = Debug|Any CPU
		{9AC98199-5367-438F-A3E5-80A566B3AA54}.Debug|Any CPU.Build.0 = Debug|Any CPU
		{9AC98199-5367-438F-A3E5-80A566B3AA54}.Release|Any CPU.ActiveCfg = Release|Any CPU
		{9AC98199-5367-438F-A3E5-80A566B3AA54}.Release|Any CPU.Build.0 = Release|Any CPU
		{1A36FFB9-4702-4F89-AD0C-A574FC03127B}.Debug|Any CPU.ActiveCfg = Debug|Any CPU
		{1A36FFB9-4702-4F89-AD0C-A574FC03127B}.Debug|Any CPU.Build.0 = Debug|Any CPU
		{1A36FFB9-4702-4F89-AD0C-A574FC03127B}.Release|Any CPU.ActiveCfg = Release|Any CPU
		{1A36FFB9-4702-4F89-AD0C-A574FC03127B}.Release|Any CPU.Build.0 = Release|Any CPU
		{BFFEEDCF-AF85-413D-A741-A5C1D8799A7E}.Debug|Any CPU.ActiveCfg = Debug|Any CPU
		{BFFEEDCF-AF85-413D-A741-A5C1D8799A7E}.Debug|Any CPU.Build.0 = Debug|Any CPU
		{BFFEEDCF-AF85-413D-A741-A5C1D8799A7E}.Release|Any CPU.ActiveCfg = Release|Any CPU
		{BFFEEDCF-AF85-413D-A741-A5C1D8799A7E}.Release|Any CPU.Build.0 = Release|Any CPU
		{47328E39-AA9F-4258-A735-654889CB4F58}.Debug|Any CPU.ActiveCfg = Debug|Any CPU
		{47328E39-AA9F-4258-A735-654889CB4F58}.Debug|Any CPU.Build.0 = Debug|Any CPU
		{47328E39-AA9F-4258-A735-654889CB4F58}.Release|Any CPU.ActiveCfg = Release|Any CPU
		{47328E39-AA9F-4258-A735-654889CB4F58}.Release|Any CPU.Build.0 = Release|Any CPU
	EndGlobalSection
	GlobalSection(SolutionProperties) = preSolution
		HideSolutionNode = FALSE
	EndGlobalSection
	GlobalSection(NestedProjects) = preSolution
		{AE2BF149-2D6B-4266-889E-A1642535D859} = {8FBF688F-505C-4FB4-9136-E99ACC79938C}
		{6235AF73-11F5-4B06-868D-9C5EFE80AA8B} = {8FBF688F-505C-4FB4-9136-E99ACC79938C}
		{9AC98199-5367-438F-A3E5-80A566B3AA54} = {8FBF688F-505C-4FB4-9136-E99ACC79938C}
		{1A36FFB9-4702-4F89-AD0C-A574FC03127B} = {8FBF688F-505C-4FB4-9136-E99ACC79938C}
		{BFFEEDCF-AF85-413D-A741-A5C1D8799A7E} = {8FBF688F-505C-4FB4-9136-E99ACC79938C}
		{47328E39-AA9F-4258-A735-654889CB4F58} = {C53117D5-0A0F-4BEF-9E62-153AD1CA73EC}
	EndGlobalSection
EndGlobal
